
Microsoft Visual Studio Solution File, Format Version 12.00
# Visual Studio 15
Project("{FAE04EC0-301F-11D3-BF4B-00C04F79EFBC}") = "TicTacToo.Android", "TicTacToo.Android\TicTacToo.Android.csproj", "{96CD0A92-4FAF-4362-B199-699E42E01634}"
EndProject
Project("{FAE04EC0-301F-11D3-BF4B-00C04F79EFBC}") = "TicTacToo.iOS", "TicTacToo.iOS\TicTacToo.iOS.csproj", "{14EF5812-8060-4A3E-A6CA-DC8CE5027752}"
EndProject
Project("{FAE04EC0-301F-11D3-BF4B-00C04F79EFBC}") = "TicTacToo", "TicTacToo\TicTacToo.csproj", "{23593A73-4FAB-4140-82E1-DD04F749934D}"
EndProject
Global
	GlobalSection(SolutionConfigurationPlatforms) = preSolution
		Debug|Any CPU = Debug|Any CPU
		Release|Any CPU = Release|Any CPU
		Debug|iPhoneSimulator = Debug|iPhoneSimulator
		Release|iPhoneSimulator = Release|iPhoneSimulator
		Debug|iPhone = Debug|iPhone
		Release|iPhone = Release|iPhone
	EndGlobalSection
	GlobalSection(ProjectConfigurationPlatforms) = postSolution
		{96CD0A92-4FAF-4362-B199-699E42E01634}.Debug|Any CPU.ActiveCfg = Debug|Any CPU
		{96CD0A92-4FAF-4362-B199-699E42E01634}.Debug|Any CPU.Build.0 = Debug|Any CPU
		{96CD0A92-4FAF-4362-B199-699E42E01634}.Release|Any CPU.ActiveCfg = Release|Any CPU
		{96CD0A92-4FAF-4362-B199-699E42E01634}.Release|Any CPU.Build.0 = Release|Any CPU
		{96CD0A92-4FAF-4362-B199-699E42E01634}.Debug|iPhoneSimulator.ActiveCfg = Debug|Any CPU
		{96CD0A92-4FAF-4362-B199-699E42E01634}.Debug|iPhoneSimulator.Build.0 = Debug|Any CPU
		{96CD0A92-4FAF-4362-B199-699E42E01634}.Release|iPhoneSimulator.ActiveCfg = Release|Any CPU
		{96CD0A92-4FAF-4362-B199-699E42E01634}.Release|iPhoneSimulator.Build.0 = Release|Any CPU
		{96CD0A92-4FAF-4362-B199-699E42E01634}.Debug|iPhone.ActiveCfg = Debug|Any CPU
		{96CD0A92-4FAF-4362-B199-699E42E01634}.Debug|iPhone.Build.0 = Debug|Any CPU
		{96CD0A92-4FAF-4362-B199-699E42E01634}.Release|iPhone.ActiveCfg = Release|Any CPU
		{96CD0A92-4FAF-4362-B199-699E42E01634}.Release|iPhone.Build.0 = Release|Any CPU
		{14EF5812-8060-4A3E-A6CA-DC8CE5027752}.Debug|Any CPU.ActiveCfg = Debug|iPhoneSimulator
		{14EF5812-8060-4A3E-A6CA-DC8CE5027752}.Debug|Any CPU.Build.0 = Debug|iPhoneSimulator
		{14EF5812-8060-4A3E-A6CA-DC8CE5027752}.Release|Any CPU.ActiveCfg = Release|iPhoneSimulator
		{14EF5812-8060-4A3E-A6CA-DC8CE5027752}.Release|Any CPU.Build.0 = Release|iPhoneSimulator
		{14EF5812-8060-4A3E-A6CA-DC8CE5027752}.Debug|iPhoneSimulator.ActiveCfg = Debug|iPhoneSimulator
		{14EF5812-8060-4A3E-A6CA-DC8CE5027752}.Debug|iPhoneSimulator.Build.0 = Debug|iPhoneSimulator
		{14EF5812-8060-4A3E-A6CA-DC8CE5027752}.Release|iPhoneSimulator.ActiveCfg = Release|iPhoneSimulator
		{14EF5812-8060-4A3E-A6CA-DC8CE5027752}.Release|iPhoneSimulator.Build.0 = Release|iPhoneSimulator
		{14EF5812-8060-4A3E-A6CA-DC8CE5027752}.Debug|iPhone.ActiveCfg = Debug|iPhone
		{14EF5812-8060-4A3E-A6CA-DC8CE5027752}.Debug|iPhone.Build.0 = Debug|iPhone
		{14EF5812-8060-4A3E-A6CA-DC8CE5027752}.Release|iPhone.ActiveCfg = Release|iPhone
		{14EF5812-8060-4A3E-A6CA-DC8CE5027752}.Release|iPhone.Build.0 = Release|iPhone
		{23593A73-4FAB-4140-82E1-DD04F749934D}.Debug|Any CPU.ActiveCfg = Debug|Any CPU
		{23593A73-4FAB-4140-82E1-DD04F749934D}.Debug|Any CPU.Build.0 = Debug|Any CPU
		{23593A73-4FAB-4140-82E1-DD04F749934D}.Release|Any CPU.ActiveCfg = Release|Any CPU
		{23593A73-4FAB-4140-82E1-DD04F749934D}.Release|Any CPU.Build.0 = Release|Any CPU
		{23593A73-4FAB-4140-82E1-DD04F749934D}.Debug|iPhoneSimulator.ActiveCfg = Debug|Any CPU
		{23593A73-4FAB-4140-82E1-DD04F749934D}.Debug|iPhoneSimulator.Build.0 = Debug|Any CPU
		{23593A73-4FAB-4140-82E1-DD04F749934D}.Release|iPhoneSimulator.ActiveCfg = Release|Any CPU
		{23593A73-4FAB-4140-82E1-DD04F749934D}.Release|iPhoneSimulator.Build.0 = Release|Any CPU
		{23593A73-4FAB-4140-82E1-DD04F749934D}.Debug|iPhone.ActiveCfg = Debug|Any CPU
		{23593A73-4FAB-4140-82E1-DD04F749934D}.Debug|iPhone.Build.0 = Debug|Any CPU
		{23593A73-4FAB-4140-82E1-DD04F749934D}.Release|iPhone.ActiveCfg = Release|Any CPU
		{23593A73-4FAB-4140-82E1-DD04F749934D}.Release|iPhone.Build.0 = Release|Any CPU
	EndGlobalSection
EndGlobal
